{
  "nodes": {
    "flake-utils": {
      "inputs": {
        "systems": "systems"
      },
      "locked": {
        "lastModified": 1731533236,
        "narHash": "sha256-l0KFg5HjrsfsO/JpG+r7fRrqm12kzFHyUHqHCVpMMbI=",
        "owner": "numtide",
        "repo": "flake-utils",
        "rev": "11707dc2f618dd54ca8739b309ec4fc024de578b",
        "type": "github"
      },
      "original": {
        "owner": "numtide",
        "repo": "flake-utils",
        "type": "github"
      }
    },
    "flake-utils_2": {
      "inputs": {
        "systems": "systems_2"
      },
      "locked": {
        "lastModified": 1692799911,
        "narHash": "sha256-3eihraek4qL744EvQXsK1Ha6C3CR7nnT8X2qWap4RNk=",
        "owner": "numtide",
        "repo": "flake-utils",
        "rev": "f9e7cf818399d17d347f847525c5a5a8032e4e44",
        "type": "github"
      },
      "original": {
        "id": "flake-utils",
        "type": "indirect"
      }
    },
    "fstar-src": {
      "inputs": {
        "flake-utils": "flake-utils_2",
        "nixpkgs": [
          "nixpkgs"
        ]
      },
      "locked": {
        "lastModified": 1741216333,
        "narHash": "sha256-SZASoUf9r/40i0yZ+B49Rn9nh87cxqr8m5uP6OpB5KM=",
        "owner": "FStarLang",
        "repo": "FStar",
        "rev": "dd464b1c4cdebbbfd21808e1d71736e873743f46",
        "type": "github"
      },
      "original": {
        "owner": "FStarLang",
        "repo": "FStar",
        "rev": "dd464b1c4cdebbbfd21808e1d71736e873743f46",
        "type": "github"
      }
    },
    "krml-src": {
      "inputs": {
        "flake-utils": [
          "fstar-src",
          "flake-utils"
        ],
        "fstar": [
          "fstar-src"
        ],
        "nixpkgs": [
          "nixpkgs"
        ]
      },
      "locked": {
        "lastModified": 1741223092,
        "narHash": "sha256-k720cQjeFFNZj41UtvtKwXrSzrqy//Kr/3B/Gg6DRfo=",
        "owner": "FStarLang",
        "repo": "karamel",
        "rev": "786646b50f22725a516afd04259aa90529c19a3b",
        "type": "github"
      },
      "original": {
        "owner": "FStarLang",
        "repo": "karamel",
        "type": "github"
      }
    },
    "nixpkgs": {
      "locked": {
        "lastModified": 1719506693,
        "narHash": "sha256-C8e9S7RzshSdHB7L+v9I51af1gDM5unhJ2xO1ywxNH8=",
        "owner": "nixos",
        "repo": "nixpkgs",
        "rev": "b2852eb9365c6de48ffb0dc2c9562591f652242a",
        "type": "github"
      },
      "original": {
        "owner": "nixos",
        "ref": "nixos-unstable",
        "repo": "nixpkgs",
        "type": "github"
      }
    },
    "root": {
      "inputs": {
        "flake-utils": "flake-utils",
        "fstar-src": "fstar-src",
        "krml-src": "krml-src",
        "nixpkgs": "nixpkgs",
        "steel-src": "steel-src"
      }
    },
    "steel-src": {
      "inputs": {
        "flake-utils": [
          "fstar-src",
          "flake-utils"
        ],
        "fstar": [
          "fstar-src"
        ],
        "nixpkgs": [
          "nixpkgs"
        ]
      },
      "locked": {
        "lastModified": 1741286373,
        "narHash": "sha256-oI3bJcyTNTTHjcd/rSlJ+v85j5mophqHUtc8I2KtnbM=",
        "owner": "FStarLang",
        "repo": "steel",
        "rev": "8eabafb6bbee254fbca7f6e6b86cdd63dd14e9c2",
        "type": "github"
      },
      "original": {
        "owner": "FStarLang",
        "repo": "steel",
        "type": "github"
      }
    },
    "systems": {
      "locked": {
        "lastModified": 1681028828,
        "narHash": "sha256-Vy1rq5AaRuLzOxct8nz4T6wlgyUR7zLU309k9mBC768=",
        "owner": "nix-systems",
        "repo": "default",
        "rev": "da67096a3b9bf56a91d16901293e51ba5b49a27e",
        "type": "github"
      },
      "original": {
        "owner": "nix-systems",
        "repo": "default",
        "type": "github"
      }
    },
    "systems_2": {
      "locked": {
        "lastModified": 1681028828,
        "narHash": "sha256-Vy1rq5AaRuLzOxct8nz4T6wlgyUR7zLU309k9mBC768=",
        "owner": "nix-systems",
        "repo": "default",
        "rev": "da67096a3b9bf56a91d16901293e51ba5b49a27e",
        "type": "github"
      },
      "original": {
        "owner": "nix-systems",
        "repo": "default",
        "type": "github"
      }
    }
  },
  "root": "root",
  "version": 7
}
